// !$*UTF8*$!
{
	archiveVersion = 1;
	classes = {
	};
	objectVersion = 55;
	objects = {

/* Begin PBXBuildFile section */
		77B23CA12850ED7500343F17 /* pokedex_swiftuiApp.swift in Sources */ = {isa = PBXBuildFile; fileRef = 77B23CA02850ED7500343F17 /* pokedex_swiftuiApp.swift */; };
		77B23CA32850ED7500343F17 /* MainPokedexView.swift in Sources */ = {isa = PBXBuildFile; fileRef = 77B23CA22850ED7500343F17 /* MainPokedexView.swift */; };
		77B23CA52850ED7900343F17 /* Assets.xcassets in Resources */ = {isa = PBXBuildFile; fileRef = 77B23CA42850ED7900343F17 /* Assets.xcassets */; };
		77B23CA82850ED7900343F17 /* Preview Assets.xcassets in Resources */ = {isa = PBXBuildFile; fileRef = 77B23CA72850ED7900343F17 /* Preview Assets.xcassets */; };
		77B23CB22850ED7900343F17 /* pokedex_swiftuiTests.swift in Sources */ = {isa = PBXBuildFile; fileRef = 77B23CB12850ED7900343F17 /* pokedex_swiftuiTests.swift */; };
		77B23CBC2850ED7900343F17 /* pokedex_swiftuiUITests.swift in Sources */ = {isa = PBXBuildFile; fileRef = 77B23CBB2850ED7900343F17 /* pokedex_swiftuiUITests.swift */; };
		77B23CBE2850ED7900343F17 /* pokedex_swiftuiUITestsLaunchTests.swift in Sources */ = {isa = PBXBuildFile; fileRef = 77B23CBD2850ED7900343F17 /* pokedex_swiftuiUITestsLaunchTests.swift */; };
		77B23CCB2850F0B600343F17 /* Webservice.swift in Sources */ = {isa = PBXBuildFile; fileRef = 77B23CCA2850F0B600343F17 /* Webservice.swift */; };
		77B23CCD2850F14A00343F17 /* Pokemon.swift in Sources */ = {isa = PBXBuildFile; fileRef = 77B23CCC2850F14A00343F17 /* Pokemon.swift */; };
		77B23CCF2850F5DA00343F17 /* PokemonListViewModel.swift in Sources */ = {isa = PBXBuildFile; fileRef = 77B23CCE2850F5DA00343F17 /* PokemonListViewModel.swift */; };
		77B23CD12851219400343F17 /* PokemonDetailView.swift in Sources */ = {isa = PBXBuildFile; fileRef = 77B23CD02851219400343F17 /* PokemonDetailView.swift */; };
/* End PBXBuildFile section */

/* Begin PBXContainerItemProxy section */
		77B23CAE2850ED7900343F17 /* PBXContainerItemProxy */ = {
			isa = PBXContainerItemProxy;
			containerPortal = 77B23C952850ED7500343F17 /* Project object */;
			proxyType = 1;
			remoteGlobalIDString = 77B23C9C2850ED7500343F17;
			remoteInfo = "pokedex-swiftui";
		};
		77B23CB82850ED7900343F17 /* PBXContainerItemProxy */ = {
			isa = PBXContainerItemProxy;
			containerPortal = 77B23C952850ED7500343F17 /* Project object */;
			proxyType = 1;
			remoteGlobalIDString = 77B23C9C2850ED7500343F17;
			remoteInfo = "pokedex-swiftui";
		};
/* End PBXContainerItemProxy section */

/* Begin PBXFileReference section */
		77B23C9D2850ED7500343F17 /* pokedex-swiftui.app */ = {isa = PBXFileReference; explicitFileType = wrapper.application; includeInIndex = 0; path = "pokedex-swiftui.app"; sourceTree = BUILT_PRODUCTS_DIR; };
		77B23CA02850ED7500343F17 /* pokedex_swiftuiApp.swift */ = {isa = PBXFileReference; lastKnownFileType = sourcecode.swift; path = pokedex_swiftuiApp.swift; sourceTree = "<group>"; };
		77B23CA22850ED7500343F17 /* MainPokedexView.swift */ = {isa = PBXFileReference; lastKnownFileType = sourcecode.swift; path = MainPokedexView.swift; sourceTree = "<group>"; };
		77B23CA42850ED7900343F17 /* Assets.xcassets */ = {isa = PBXFileReference; lastKnownFileType = folder.assetcatalog; path = Assets.xcassets; sourceTree = "<group>"; };
		77B23CA72850ED7900343F17 /* Preview Assets.xcassets */ = {isa = PBXFileReference; lastKnownFileType = folder.assetcatalog; path = "Preview Assets.xcassets"; sourceTree = "<group>"; };
		77B23CAD2850ED7900343F17 /* pokedex-swiftuiTests.xctest */ = {isa = PBXFileReference; explicitFileType = wrapper.cfbundle; includeInIndex = 0; path = "pokedex-swiftuiTests.xctest"; sourceTree = BUILT_PRODUCTS_DIR; };
		77B23CB12850ED7900343F17 /* pokedex_swiftuiTests.swift */ = {isa = PBXFileReference; lastKnownFileType = sourcecode.swift; path = pokedex_swiftuiTests.swift; sourceTree = "<group>"; };
		77B23CB72850ED7900343F17 /* pokedex-swiftuiUITests.xctest */ = {isa = PBXFileReference; explicitFileType = wrapper.cfbundle; includeInIndex = 0; path = "pokedex-swiftuiUITests.xctest"; sourceTree = BUILT_PRODUCTS_DIR; };
		77B23CBB2850ED7900343F17 /* pokedex_swiftuiUITests.swift */ = {isa = PBXFileReference; lastKnownFileType = sourcecode.swift; path = pokedex_swiftuiUITests.swift; sourceTree = "<group>"; };
		77B23CBD2850ED7900343F17 /* pokedex_swiftuiUITestsLaunchTests.swift */ = {isa = PBXFileReference; lastKnownFileType = sourcecode.swift; path = pokedex_swiftuiUITestsLaunchTests.swift; sourceTree = "<group>"; };
		77B23CCA2850F0B600343F17 /* Webservice.swift */ = {isa = PBXFileReference; lastKnownFileType = sourcecode.swift; path = Webservice.swift; sourceTree = "<group>"; };
		77B23CCC2850F14A00343F17 /* Pokemon.swift */ = {isa = PBXFileReference; lastKnownFileType = sourcecode.swift; path = Pokemon.swift; sourceTree = "<group>"; };
		77B23CCE2850F5DA00343F17 /* PokemonListViewModel.swift */ = {isa = PBXFileReference; lastKnownFileType = sourcecode.swift; path = PokemonListViewModel.swift; sourceTree = "<group>"; };
		77B23CD02851219400343F17 /* PokemonDetailView.swift */ = {isa = PBXFileReference; lastKnownFileType = sourcecode.swift; path = PokemonDetailView.swift; sourceTree = "<group>"; };
/* End PBXFileReference section */

/* Begin PBXFrameworksBuildPhase section */
		77B23C9A2850ED7500343F17 /* Frameworks */ = {
			isa = PBXFrameworksBuildPhase;
			buildActionMask = 2147483647;
			files = (
			);
			runOnlyForDeploymentPostprocessing = 0;
		};
		77B23CAA2850ED7900343F17 /* Frameworks */ = {
			isa = PBXFrameworksBuildPhase;
			buildActionMask = 2147483647;
			files = (
			);
			runOnlyForDeploymentPostprocessing = 0;
		};
		77B23CB42850ED7900343F17 /* Frameworks */ = {
			isa = PBXFrameworksBuildPhase;
			buildActionMask = 2147483647;
			files = (
			);
			runOnlyForDeploymentPostprocessing = 0;
		};
/* End PBXFrameworksBuildPhase section */

/* Begin PBXGroup section */
		77B23C942850ED7500343F17 = {
			isa = PBXGroup;
			children = (
				77B23C9F2850ED7500343F17 /* pokedex-swiftui */,
				77B23CB02850ED7900343F17 /* pokedex-swiftuiTests */,
				77B23CBA2850ED7900343F17 /* pokedex-swiftuiUITests */,
				77B23C9E2850ED7500343F17 /* Products */,
			);
			sourceTree = "<group>";
		};
		77B23C9E2850ED7500343F17 /* Products */ = {
			isa = PBXGroup;
			children = (
				77B23C9D2850ED7500343F17 /* pokedex-swiftui.app */,
				77B23CAD2850ED7900343F17 /* pokedex-swiftuiTests.xctest */,
				77B23CB72850ED7900343F17 /* pokedex-swiftuiUITests.xctest */,
			);
			name = Products;
			sourceTree = "<group>";
		};
		77B23C9F2850ED7500343F17 /* pokedex-swiftui */ = {
			isa = PBXGroup;
			children = (
				77B23CA42850ED7900343F17 /* Assets.xcassets */,
				77B23CA02850ED7500343F17 /* pokedex_swiftuiApp.swift */,
				77B23CD22851220E00343F17 /* Network */,
				77B23CA62850ED7900343F17 /* Preview Content */,
				77B23CD32851222000343F17 /* Model */,
				77B23CD42851225300343F17 /* View */,
				77B23CD52851229400343F17 /* ViewModel */,
			);
			path = "pokedex-swiftui";
			sourceTree = "<group>";
		};
		77B23CA62850ED7900343F17 /* Preview Content */ = {
			isa = PBXGroup;
			children = (
				77B23CA72850ED7900343F17 /* Preview Assets.xcassets */,
			);
			path = "Preview Content";
			sourceTree = "<group>";
		};
		77B23CB02850ED7900343F17 /* pokedex-swiftuiTests */ = {
			isa = PBXGroup;
			children = (
				77B23CB12850ED7900343F17 /* pokedex_swiftuiTests.swift */,
			);
			path = "pokedex-swiftuiTests";
			sourceTree = "<group>";
		};
		77B23CBA2850ED7900343F17 /* pokedex-swiftuiUITests */ = {
			isa = PBXGroup;
			children = (
				77B23CBB2850ED7900343F17 /* pokedex_swiftuiUITests.swift */,
				77B23CBD2850ED7900343F17 /* pokedex_swiftuiUITestsLaunchTests.swift */,
			);
			path = "pokedex-swiftuiUITests";
			sourceTree = "<group>";
		};
		77B23CD22851220E00343F17 /* Network */ = {
			isa = PBXGroup;
			children = (
				77B23CCA2850F0B600343F17 /* Webservice.swift */,
			);
			path = Network;
			sourceTree = "<group>";
		};
		77B23CD32851222000343F17 /* Model */ = {
			isa = PBXGroup;
			children = (
				77B23CCC2850F14A00343F17 /* Pokemon.swift */,
			);
			path = Model;
			sourceTree = "<group>";
		};
		77B23CD42851225300343F17 /* View */ = {
			isa = PBXGroup;
			children = (
				77B23CA22850ED7500343F17 /* MainPokedexView.swift */,
				77B23CD02851219400343F17 /* PokemonDetailView.swift */,
			);
			path = View;
			sourceTree = "<group>";
		};
		77B23CD52851229400343F17 /* ViewModel */ = {
			isa = PBXGroup;
			children = (
				77B23CCE2850F5DA00343F17 /* PokemonListViewModel.swift */,
			);
			path = ViewModel;
			sourceTree = "<group>";
		};
/* End PBXGroup section */

/* Begin PBXNativeTarget section */
		77B23C9C2850ED7500343F17 /* pokedex-swiftui */ = {
			isa = PBXNativeTarget;
			buildConfigurationList = 77B23CC12850ED7900343F17 /* Build configuration list for PBXNativeTarget "pokedex-swiftui" */;
			buildPhases = (
				77B23C992850ED7500343F17 /* Sources */,
				77B23C9A2850ED7500343F17 /* Frameworks */,
				77B23C9B2850ED7500343F17 /* Resources */,
			);
			buildRules = (
			);
			dependencies = (
			);
			name = "pokedex-swiftui";
			productName = "pokedex-swiftui";
			productReference = 77B23C9D2850ED7500343F17 /* pokedex-swiftui.app */;
			productType = "com.apple.product-type.application";
		};
		77B23CAC2850ED7900343F17 /* pokedex-swiftuiTests */ = {
			isa = PBXNativeTarget;
			buildConfigurationList = 77B23CC42850ED7900343F17 /* Build configuration list for PBXNativeTarget "pokedex-swiftuiTests" */;
			buildPhases = (
				77B23CA92850ED7900343F17 /* Sources */,
				77B23CAA2850ED7900343F17 /* Frameworks */,
				77B23CAB2850ED7900343F17 /* Resources */,
			);
			buildRules = (
			);
			dependencies = (
				77B23CAF2850ED7900343F17 /* PBXTargetDependency */,
			);
			name = "pokedex-swiftuiTests";
			productName = "pokedex-swiftuiTests";
			productReference = 77B23CAD2850ED7900343F17 /* pokedex-swiftuiTests.xctest */;
			productType = "com.apple.product-type.bundle.unit-test";
		};
		77B23CB62850ED7900343F17 /* pokedex-swiftuiUITests */ = {
			isa = PBXNativeTarget;
			buildConfigurationList = 77B23CC72850ED7900343F17 /* Build configuration list for PBXNativeTarget "pokedex-swiftuiUITests" */;
			buildPhases = (
				77B23CB32850ED7900343F17 /* Sources */,
				77B23CB42850ED7900343F17 /* Frameworks */,
				77B23CB52850ED7900343F17 /* Resources */,
			);
			buildRules = (
			);
			dependencies = (
				77B23CB92850ED7900343F17 /* PBXTargetDependency */,
			);
			name = "pokedex-swiftuiUITests";
			productName = "pokedex-swiftuiUITests";
			productReference = 77B23CB72850ED7900343F17 /* pokedex-swiftuiUITests.xctest */;
			productType = "com.apple.product-type.bundle.ui-testing";
		};
/* End PBXNativeTarget section */

/* Begin PBXProject section */
		77B23C952850ED7500343F17 /* Project object */ = {
			isa = PBXProject;
			attributes = {
				BuildIndependentTargetsInParallel = 1;
				LastSwiftUpdateCheck = 1320;
				LastUpgradeCheck = 1320;
				TargetAttributes = {
					77B23C9C2850ED7500343F17 = {
						CreatedOnToolsVersion = 13.2;
					};
					77B23CAC2850ED7900343F17 = {
						CreatedOnToolsVersion = 13.2;
						TestTargetID = 77B23C9C2850ED7500343F17;
					};
					77B23CB62850ED7900343F17 = {
						CreatedOnToolsVersion = 13.2;
						TestTargetID = 77B23C9C2850ED7500343F17;
					};
				};
			};
			buildConfigurationList = 77B23C982850ED7500343F17 /* Build configuration list for PBXProject "pokedex-swiftui" */;
			compatibilityVersion = "Xcode 13.0";
			developmentRegion = en;
			hasScannedForEncodings = 0;
			knownRegions = (
				en,
				Base,
			);
			mainGroup = 77B23C942850ED7500343F17;
			productRefGroup = 77B23C9E2850ED7500343F17 /* Products */;
			projectDirPath = "";
			projectRoot = "";
			targets = (
				77B23C9C2850ED7500343F17 /* pokedex-swiftui */,
				77B23CAC2850ED7900343F17 /* pokedex-swiftuiTests */,
				77B23CB62850ED7900343F17 /* pokedex-swiftuiUITests */,
			);
		};
/* End PBXProject section */

/* Begin PBXResourcesBuildPhase section */
		77B23C9B2850ED7500343F17 /* Resources */ = {
			isa = PBXResourcesBuildPhase;
			buildActionMask = 2147483647;
			files = (
				77B23CA82850ED7900343F17 /* Preview Assets.xcassets in Resources */,
				77B23CA52850ED7900343F17 /* Assets.xcassets in Resources */,
			);
			runOnlyForDeploymentPostprocessing = 0;
		};
		77B23CAB2850ED7900343F17 /* Resources */ = {
			isa = PBXResourcesBuildPhase;
			buildActionMask = 2147483647;
			files = (
			);
			runOnlyForDeploymentPostprocessing = 0;
		};
		77B23CB52850ED7900343F17 /* Resources */ = {
			isa = PBXResourcesBuildPhase;
			buildActionMask = 2147483647;
			files = (
			);
			runOnlyForDeploymentPostprocessing = 0;
		};
/* End PBXResourcesBuildPhase section */

/* Begin PBXSourcesBuildPhase section */
		77B23C992850ED7500343F17 /* Sources */ = {
			isa = PBXSourcesBuildPhase;
			buildActionMask = 2147483647;
			files = (
				77B23CA32850ED7500343F17 /* MainPokedexView.swift in Sources */,
				77B23CCD2850F14A00343F17 /* Pokemon.swift in Sources */,
				77B23CA12850ED7500343F17 /* pokedex_swiftuiApp.swift in Sources */,
				77B23CCF2850F5DA00343F17 /* PokemonListViewModel.swift in Sources */,
				77B23CD12851219400343F17 /* PokemonDetailView.swift in Sources */,
				77B23CCB2850F0B600343F17 /* Webservice.swift in Sources */,
			);
			runOnlyForDeploymentPostprocessing = 0;
		};
		77B23CA92850ED7900343F17 /* Sources */ = {
			isa = PBXSourcesBuildPhase;
			buildActionMask = 2147483647;
			files = (
				77B23CB22850ED7900343F17 /* pokedex_swiftuiTests.swift in Sources */,
			);
			runOnlyForDeploymentPostprocessing = 0;
		};
		77B23CB32850ED7900343F17 /* Sources */ = {
			isa = PBXSourcesBuildPhase;
			buildActionMask = 2147483647;
			files = (
				77B23CBC2850ED7900343F17 /* pokedex_swiftuiUITests.swift in Sources */,
				77B23CBE2850ED7900343F17 /* pokedex_swiftuiUITestsLaunchTests.swift in Sources */,
			);
			runOnlyForDeploymentPostprocessing = 0;
		};
/* End PBXSourcesBuildPhase section */

/* Begin PBXTargetDependency section */
		77B23CAF2850ED7900343F17 /* PBXTargetDependency */ = {
			isa = PBXTargetDependency;
			target = 77B23C9C2850ED7500343F17 /* pokedex-swiftui */;
			targetProxy = 77B23CAE2850ED7900343F17 /* PBXContainerItemProxy */;
		};
		77B23CB92850ED7900343F17 /* PBXTargetDependency */ = {
			isa = PBXTargetDependency;
			target = 77B23C9C2850ED7500343F17 /* pokedex-swiftui */;
			targetProxy = 77B23CB82850ED7900343F17 /* PBXContainerItemProxy */;
		};
/* End PBXTargetDependency section */

/* Begin XCBuildConfiguration section */
		77B23CBF2850ED7900343F17 /* Debug */ = {
			isa = XCBuildConfiguration;
			buildSettings = {
				ALWAYS_SEARCH_USER_PATHS = NO;
				CLANG_ANALYZER_NONNULL = YES;
				CLANG_ANALYZER_NUMBER_OBJECT_CONVERSION = YES_AGGRESSIVE;
				CLANG_CXX_LANGUAGE_STANDARD = "gnu++17";
				CLANG_CXX_LIBRARY = "libc++";
				CLANG_ENABLE_MODULES = YES;
				CLANG_ENABLE_OBJC_ARC = YES;
				CLANG_ENABLE_OBJC_WEAK = YES;
				CLANG_WARN_BLOCK_CAPTURE_AUTORELEASING = YES;
				CLANG_WARN_BOOL_CONVERSION = YES;
				CLANG_WARN_COMMA = YES;
				CLANG_WARN_CONSTANT_CONVERSION = YES;
				CLANG_WARN_DEPRECATED_OBJC_IMPLEMENTATIONS = YES;
				CLANG_WARN_DIRECT_OBJC_ISA_USAGE = YES_ERROR;
				CLANG_WARN_DOCUMENTATION_COMMENTS = YES;
				CLANG_WARN_EMPTY_BODY = YES;
				CLANG_WARN_ENUM_CONVERSION = YES;
				CLANG_WARN_INFINITE_RECURSION = YES;
				CLANG_WARN_INT_CONVERSION = YES;
				CLANG_WARN_NON_LITERAL_NULL_CONVERSION = YES;
				CLANG_WARN_OBJC_IMPLICIT_RETAIN_SELF = YES;
				CLANG_WARN_OBJC_LITERAL_CONVERSION = YES;
				CLANG_WARN_OBJC_ROOT_CLASS = YES_ERROR;
				CLANG_WARN_QUOTED_INCLUDE_IN_FRAMEWORK_HEADER = YES;
				CLANG_WARN_RANGE_LOOP_ANALYSIS = YES;
				CLANG_WARN_STRICT_PROTOTYPES = YES;
				CLANG_WARN_SUSPICIOUS_MOVE = YES;
				CLANG_WARN_UNGUARDED_AVAILABILITY = YES_AGGRESSIVE;
				CLANG_WARN_UNREACHABLE_CODE = YES;
				CLANG_WARN__DUPLICATE_METHOD_MATCH = YES;
				COPY_PHASE_STRIP = NO;
				DEBUG_INFORMATION_FORMAT = dwarf;
				ENABLE_STRICT_OBJC_MSGSEND = YES;
				ENABLE_TESTABILITY = YES;
				GCC_C_LANGUAGE_STANDARD = gnu11;
				GCC_DYNAMIC_NO_PIC = NO;
				GCC_NO_COMMON_BLOCKS = YES;
				GCC_OPTIMIZATION_LEVEL = 0;
				GCC_PREPROCESSOR_DEFINITIONS = (
					"DEBUG=1",
					"$(inherited)",
				);
				GCC_WARN_64_TO_32_BIT_CONVERSION = YES;
				GCC_WARN_ABOUT_RETURN_TYPE = YES_ERROR;
				GCC_WARN_UNDECLARED_SELECTOR = YES;
				GCC_WARN_UNINITIALIZED_AUTOS = YES_AGGRESSIVE;
				GCC_WARN_UNUSED_FUNCTION = YES;
				GCC_WARN_UNUSED_VARIABLE = YES;
				IPHONEOS_DEPLOYMENT_TARGET = 15.2;
				MTL_ENABLE_DEBUG_INFO = INCLUDE_SOURCE;
				MTL_FAST_MATH = YES;
				ONLY_ACTIVE_ARCH = YES;
				SDKROOT = iphoneos;
				SWIFT_ACTIVE_COMPILATION_CONDITIONS = DEBUG;
				SWIFT_OPTIMIZATION_LEVEL = "-Onone";
			};
			name = Debug;
		};
		77B23CC02850ED7900343F17 /* Release */ = {
			isa = XCBuildConfiguration;
			buildSettings = {
				ALWAYS_SEARCH_USER_PATHS = NO;
				CLANG_ANALYZER_NONNULL = YES;
				CLANG_ANALYZER_NUMBER_OBJECT_CONVERSION = YES_AGGRESSIVE;
				CLANG_CXX_LANGUAGE_STANDARD = "gnu++17";
				CLANG_CXX_LIBRARY = "libc++";
				CLANG_ENABLE_MODULES = YES;
				CLANG_ENABLE_OBJC_ARC = YES;
				CLANG_ENABLE_OBJC_WEAK = YES;
				CLANG_WARN_BLOCK_CAPTURE_AUTORELEASING = YES;
				CLANG_WARN_BOOL_CONVERSION = YES;
				CLANG_WARN_COMMA = YES;
				CLANG_WARN_CONSTANT_CONVERSION = YES;
				CLANG_WARN_DEPRECATED_OBJC_IMPLEMENTATIONS = YES;
				CLANG_WARN_DIRECT_OBJC_ISA_USAGE = YES_ERROR;
				CLANG_WARN_DOCUMENTATION_COMMENTS = YES;
				CLANG_WARN_EMPTY_BODY = YES;
				CLANG_WARN_ENUM_CONVERSION = YES;
				CLANG_WARN_INFINITE_RECURSION = YES;
				CLANG_WARN_INT_CONVERSION = YES;
				CLANG_WARN_NON_LITERAL_NULL_CONVERSION = YES;
				CLANG_WARN_OBJC_IMPLICIT_RETAIN_SELF = YES;
				CLANG_WARN_OBJC_LITERAL_CONVERSION = YES;
				CLANG_WARN_OBJC_ROOT_CLASS = YES_ERROR;
				CLANG_WARN_QUOTED_INCLUDE_IN_FRAMEWORK_HEADER = YES;
				CLANG_WARN_RANGE_LOOP_ANALYSIS = YES;
				CLANG_WARN_STRICT_PROTOTYPES = YES;
				CLANG_WARN_SUSPICIOUS_MOVE = YES;
				CLANG_WARN_UNGUARDED_AVAILABILITY = YES_AGGRESSIVE;
				CLANG_WARN_UNREACHABLE_CODE = YES;
				CLANG_WARN__DUPLICATE_METHOD_MATCH = YES;
				COPY_PHASE_STRIP = NO;
				DEBUG_INFORMATION_FORMAT = "dwarf-with-dsym";
				ENABLE_NS_ASSERTIONS = NO;
				ENABLE_STRICT_OBJC_MSGSEND = YES;
				GCC_C_LANGUAGE_STANDARD = gnu11;
				GCC_NO_COMMON_BLOCKS = YES;
				GCC_WARN_64_TO_32_BIT_CONVERSION = YES;
				GCC_WARN_ABOUT_RETURN_TYPE = YES_ERROR;
				GCC_WARN_UNDECLARED_SELECTOR = YES;
				GCC_WARN_UNINITIALIZED_AUTOS = YES_AGGRESSIVE;
				GCC_WARN_UNUSED_FUNCTION = YES;
				GCC_WARN_UNUSED_VARIABLE = YES;
				IPHONEOS_DEPLOYMENT_TARGET = 15.2;
				MTL_ENABLE_DEBUG_INFO = NO;
				MTL_FAST_MATH = YES;
				SDKROOT = iphoneos;
				SWIFT_COMPILATION_MODE = wholemodule;
				SWIFT_OPTIMIZATION_LEVEL = "-O";
				VALIDATE_PRODUCT = YES;
			};
			name = Release;
		};
		77B23CC22850ED7900343F17 /* Debug */ = {
			isa = XCBuildConfiguration;
			buildSettings = {
				ASSETCATALOG_COMPILER_APPICON_NAME = AppIcon;
				ASSETCATALOG_COMPILER_GLOBAL_ACCENT_COLOR_NAME = AccentColor;
				CODE_SIGN_STYLE = Automatic;
				CURRENT_PROJECT_VERSION = 1;
				DEVELOPMENT_ASSET_PATHS = "\"pokedex-swiftui/Preview Content\"";
				DEVELOPMENT_TEAM = 3UA4U5K7Z6;
				ENABLE_PREVIEWS = YES;
				GENERATE_INFOPLIST_FILE = YES;
				INFOPLIST_KEY_UIApplicationSceneManifest_Generation = YES;
				INFOPLIST_KEY_UIApplicationSupportsIndirectInputEvents = YES;
				INFOPLIST_KEY_UILaunchScreen_Generation = YES;
				INFOPLIST_KEY_UISupportedInterfaceOrientations_iPad = "UIInterfaceOrientationPortrait UIInterfaceOrientationPortraitUpsideDown UIInterfaceOrientationLandscapeLeft UIInterfaceOrientationLandscapeRight";
				INFOPLIST_KEY_UISupportedInterfaceOrientations_iPhone = "UIInterfaceOrientationPortrait UIInterfaceOrientationLandscapeLeft UIInterfaceOrientationLandscapeRight";
				LD_RUNPATH_SEARCH_PATHS = (
					"$(inherited)",
					"@executable_path/Frameworks",
				);
				MARKETING_VERSION = 1.0;
				PRODUCT_BUNDLE_IDENTIFIER = "mx.vicc23.pokedex-swiftui";
				PRODUCT_NAME = "$(TARGET_NAME)";
				SWIFT_EMIT_LOC_STRINGS = YES;
				SWIFT_VERSION = 5.0;
				TARGETED_DEVICE_FAMILY = "1,2";
			};
			name = Debug;
		};
		77B23CC32850ED7900343F17 /* Release */ = {
			isa = XCBuildConfiguration;
			buildSettings = {
				ASSETCATALOG_COMPILER_APPICON_NAME = AppIcon;
				ASSETCATALOG_COMPILER_GLOBAL_ACCENT_COLOR_NAME = AccentColor;
				CODE_SIGN_STYLE = Automatic;
				CURRENT_PROJECT_VERSION = 1;
				DEVELOPMENT_ASSET_PATHS = "\"pokedex-swiftui/Preview Content\"";
				DEVELOPMENT_TEAM = 3UA4U5K7Z6;
				ENABLE_PREVIEWS = YES;
				GENERATE_INFOPLIST_FILE = YES;
				INFOPLIST_KEY_UIApplicationSceneManifest_Generation = YES;
				INFOPLIST_KEY_UIApplicationSupportsIndirectInputEvents = YES;
				INFOPLIST_KEY_UILaunchScreen_Generation = YES;
				INFOPLIST_KEY_UISupportedInterfaceOrientations_iPad = "UIInterfaceOrientationPortrait UIInterfaceOrientationPortraitUpsideDown UIInterfaceOrientationLandscapeLeft UIInterfaceOrientationLandscapeRight";
				INFOPLIST_KEY_UISupportedInterfaceOrientations_iPhone = "UIInterfaceOrientationPortrait UIInterfaceOrientationLandscapeLeft UIInterfaceOrientationLandscapeRight";
				LD_RUNPATH_SEARCH_PATHS = (
					"$(inherited)",
					"@executable_path/Frameworks",
				);
				MARKETING_VERSION = 1.0;
				PRODUCT_BUNDLE_IDENTIFIER = "mx.vicc23.pokedex-swiftui";
				PRODUCT_NAME = "$(TARGET_NAME)";
				SWIFT_EMIT_LOC_STRINGS = YES;
				SWIFT_VERSION = 5.0;
				TARGETED_DEVICE_FAMILY = "1,2";
			};
			name = Release;
		};
		77B23CC52850ED7900343F17 /* Debug */ = {
			isa = XCBuildConfiguration;
			buildSettings = {
				ALWAYS_EMBED_SWIFT_STANDARD_LIBRARIES = YES;
				BUNDLE_LOADER = "$(TEST_HOST)";
				CODE_SIGN_STYLE = Automatic;
				CURRENT_PROJECT_VERSION = 1;
				DEVELOPMENT_TEAM = 3UA4U5K7Z6;
				GENERATE_INFOPLIST_FILE = YES;
				IPHONEOS_DEPLOYMENT_TARGET = 15.2;
				MARKETING_VERSION = 1.0;
				PRODUCT_BUNDLE_IDENTIFIER = "mx.vicc23.pokedex-swiftuiTests";
				PRODUCT_NAME = "$(TARGET_NAME)";
				SWIFT_EMIT_LOC_STRINGS = NO;
				SWIFT_VERSION = 5.0;
				TARGETED_DEVICE_FAMILY = "1,2";
				TEST_HOST = "$(BUILT_PRODUCTS_DIR)/pokedex-swiftui.app/pokedex-swiftui";
			};
			name = Debug;
		};
		77B23CC62850ED7900343F17 /* Release */ = {
			isa = XCBuildConfiguration;
			buildSettings = {
				ALWAYS_EMBED_SWIFT_STANDARD_LIBRARIES = YES;
				BUNDLE_LOADER = "$(TEST_HOST)";
				CODE_SIGN_STYLE = Automatic;
				CURRENT_PROJECT_VERSION = 1;
				DEVELOPMENT_TEAM = 3UA4U5K7Z6;
				GENERATE_INFOPLIST_FILE = YES;
				IPHONEOS_DEPLOYMENT_TARGET = 15.2;
				MARKETING_VERSION = 1.0;
				PRODUCT_BUNDLE_IDENTIFIER = "mx.vicc23.pokedex-swiftuiTests";
				PRODUCT_NAME = "$(TARGET_NAME)";
				SWIFT_EMIT_LOC_STRINGS = NO;
				SWIFT_VERSION = 5.0;
				TARGETED_DEVICE_FAMILY = "1,2";
				TEST_HOST = "$(BUILT_PRODUCTS_DIR)/pokedex-swiftui.app/pokedex-swiftui";
			};
			name = Release;
		};
		77B23CC82850ED7900343F17 /* Debug */ = {
			isa = XCBuildConfiguration;
			buildSettings = {
				ALWAYS_EMBED_SWIFT_STANDARD_LIBRARIES = YES;
				CODE_SIGN_STYLE = Automatic;
				CURRENT_PROJECT_VERSION = 1;
				DEVELOPMENT_TEAM = 3UA4U5K7Z6;
				GENERATE_INFOPLIST_FILE = YES;
				MARKETING_VERSION = 1.0;
				PRODUCT_BUNDLE_IDENTIFIER = "mx.vicc23.pokedex-swiftuiUITests";
				PRODUCT_NAME = "$(TARGET_NAME)";
				SWIFT_EMIT_LOC_STRINGS = NO;
				SWIFT_VERSION = 5.0;
				TARGETED_DEVICE_FAMILY = "1,2";
				TEST_TARGET_NAME = "pokedex-swiftui";
			};
			name = Debug;
		};
		77B23CC92850ED7900343F17 /* Release */ = {
			isa = XCBuildConfiguration;
			buildSettings = {
				ALWAYS_EMBED_SWIFT_STANDARD_LIBRARIES = YES;
				CODE_SIGN_STYLE = Automatic;
				CURRENT_PROJECT_VERSION = 1;
				DEVELOPMENT_TEAM = 3UA4U5K7Z6;
				GENERATE_INFOPLIST_FILE = YES;
				MARKETING_VERSION = 1.0;
				PRODUCT_BUNDLE_IDENTIFIER = "mx.vicc23.pokedex-swiftuiUITests";
				PRODUCT_NAME = "$(TARGET_NAME)";
				SWIFT_EMIT_LOC_STRINGS = NO;
				SWIFT_VERSION = 5.0;
				TARGETED_DEVICE_FAMILY = "1,2";
				TEST_TARGET_NAME = "pokedex-swiftui";
			};
			name = Release;
		};
/* End XCBuildConfiguration section */

/* Begin XCConfigurationList section */
		77B23C982850ED7500343F17 /* Build configuration list for PBXProject "pokedex-swiftui" */ = {
			isa = XCConfigurationList;
			buildConfigurations = (
				77B23CBF2850ED7900343F17 /* Debug */,
				77B23CC02850ED7900343F17 /* Release */,
			);
			defaultConfigurationIsVisible = 0;
			defaultConfigurationName = Release;
		};
		77B23CC12850ED7900343F17 /* Build configuration list for PBXNativeTarget "pokedex-swiftui" */ = {
			isa = XCConfigurationList;
			buildConfigurations = (
				77B23CC22850ED7900343F17 /* Debug */,
				77B23CC32850ED7900343F17 /* Release */,
			);
			defaultConfigurationIsVisible = 0;
			defaultConfigurationName = Release;
		};
		77B23CC42850ED7900343F17 /* Build configuration list for PBXNativeTarget "pokedex-swiftuiTests" */ = {
			isa = XCConfigurationList;
			buildConfigurations = (
				77B23CC52850ED7900343F17 /* Debug */,
				77B23CC62850ED7900343F17 /* Release */,
			);
			defaultConfigurationIsVisible = 0;
			defaultConfigurationName = Release;
		};
		77B23CC72850ED7900343F17 /* Build configuration list for PBXNativeTarget "pokedex-swiftuiUITests" */ = {
			isa = XCConfigurationList;
			buildConfigurations = (
				77B23CC82850ED7900343F17 /* Debug */,
				77B23CC92850ED7900343F17 /* Release */,
			);
			defaultConfigurationIsVisible = 0;
			defaultConfigurationName = Release;
		};
/* End XCConfigurationList section */
	};
	rootObject = 77B23C952850ED7500343F17 /* Project object */;
}
